// !$*UTF8*$!
{
	archiveVersion = 1;
	classes = {
	};
	objectVersion = 48;
	objects = {

/* Begin PBXBuildFile section */
		AB44013620317F4F00019B54 /* AppDelegate.m in Sources */ = {isa = PBXBuildFile; fileRef = AB44013520317F4F00019B54 /* AppDelegate.m */; };
		AB44013920317F4F00019B54 /* ViewController.m in Sources */ = {isa = PBXBuildFile; fileRef = AB44013820317F4F00019B54 /* ViewController.m */; };
		AB44013C20317F4F00019B54 /* Main.storyboard in Resources */ = {isa = PBXBuildFile; fileRef = AB44013A20317F4F00019B54 /* Main.storyboard */; };
		AB44013E20317F4F00019B54 /* Assets.xcassets in Resources */ = {isa = PBXBuildFile; fileRef = AB44013D20317F4F00019B54 /* Assets.xcassets */; };
		AB44014120317F4F00019B54 /* LaunchScreen.storyboard in Resources */ = {isa = PBXBuildFile; fileRef = AB44013F20317F4F00019B54 /* LaunchScreen.storyboard */; };
		AB44014420317F4F00019B54 /* main.m in Sources */ = {isa = PBXBuildFile; fileRef = AB44014320317F4F00019B54 /* main.m */; };
		AB44014E20317F4F00019B54 /* DemoTests.m in Sources */ = {isa = PBXBuildFile; fileRef = AB44014D20317F4F00019B54 /* DemoTests.m */; };
		AB44015920317F5000019B54 /* DemoUITests.m in Sources */ = {isa = PBXBuildFile; fileRef = AB44015820317F5000019B54 /* DemoUITests.m */; };
		AB44016D2031853A00019B54 /* UIButton+ImageTitle.m in Sources */ = {isa = PBXBuildFile; fileRef = AB44016C2031853A00019B54 /* UIButton+ImageTitle.m */; };
/* End PBXBuildFile section */

/* Begin PBXContainerItemProxy section */
		AB44014A20317F4F00019B54 /* PBXContainerItemProxy */ = {
			isa = PBXContainerItemProxy;
			containerPortal = AB44012920317F4F00019B54 /* Project object */;
			proxyType = 1;
			remoteGlobalIDString = AB44013020317F4F00019B54;
			remoteInfo = Demo;
		};
		AB44015520317F5000019B54 /* PBXContainerItemProxy */ = {
			isa = PBXContainerItemProxy;
			containerPortal = AB44012920317F4F00019B54 /* Project object */;
			proxyType = 1;
			remoteGlobalIDString = AB44013020317F4F00019B54;
			remoteInfo = Demo;
		};
/* End PBXContainerItemProxy section */

/* Begin PBXFileReference section */
		AB44013120317F4F00019B54 /* Demo.app */ = {isa = PBXFileReference; explicitFileType = wrapper.application; includeInIndex = 0; path = Demo.app; sourceTree = BUILT_PRODUCTS_DIR; };
		AB44013420317F4F00019B54 /* AppDelegate.h */ = {isa = PBXFileReference; lastKnownFileType = sourcecode.c.h; path = AppDelegate.h; sourceTree = "<group>"; };
		AB44013520317F4F00019B54 /* AppDelegate.m */ = {isa = PBXFileReference; lastKnownFileType = sourcecode.c.objc; path = AppDelegate.m; sourceTree = "<group>"; };
		AB44013720317F4F00019B54 /* ViewController.h */ = {isa = PBXFileReference; lastKnownFileType = sourcecode.c.h; path = ViewController.h; sourceTree = "<group>"; };
		AB44013820317F4F00019B54 /* ViewController.m */ = {isa = PBXFileReference; lastKnownFileType = sourcecode.c.objc; path = ViewController.m; sourceTree = "<group>"; };
		AB44013B20317F4F00019B54 /* Base */ = {isa = PBXFileReference; lastKnownFileType = file.storyboard; name = Base; path = Base.lproj/Main.storyboard; sourceTree = "<group>"; };
		AB44013D20317F4F00019B54 /* Assets.xcassets */ = {isa = PBXFileReference; lastKnownFileType = folder.assetcatalog; path = Assets.xcassets; sourceTree = "<group>"; };
		AB44014020317F4F00019B54 /* Base */ = {isa = PBXFileReference; lastKnownFileType = file.storyboard; name = Base; path = Base.lproj/LaunchScreen.storyboard; sourceTree = "<group>"; };
		AB44014220317F4F00019B54 /* Info.plist */ = {isa = PBXFileReference; lastKnownFileType = text.plist.xml; path = Info.plist; sourceTree = "<group>"; };
		AB44014320317F4F00019B54 /* main.m */ = {isa = PBXFileReference; lastKnownFileType = sourcecode.c.objc; path = main.m; sourceTree = "<group>"; };
		AB44014920317F4F00019B54 /* DemoTests.xctest */ = {isa = PBXFileReference; explicitFileType = wrapper.cfbundle; includeInIndex = 0; path = DemoTests.xctest; sourceTree = BUILT_PRODUCTS_DIR; };
		AB44014D20317F4F00019B54 /* DemoTests.m */ = {isa = PBXFileReference; lastKnownFileType = sourcecode.c.objc; path = DemoTests.m; sourceTree = "<group>"; };
		AB44014F20317F4F00019B54 /* Info.plist */ = {isa = PBXFileReference; lastKnownFileType = text.plist.xml; path = Info.plist; sourceTree = "<group>"; };
		AB44015420317F5000019B54 /* DemoUITests.xctest */ = {isa = PBXFileReference; explicitFileType = wrapper.cfbundle; includeInIndex = 0; path = DemoUITests.xctest; sourceTree = BUILT_PRODUCTS_DIR; };
		AB44015820317F5000019B54 /* DemoUITests.m */ = {isa = PBXFileReference; lastKnownFileType = sourcecode.c.objc; path = DemoUITests.m; sourceTree = "<group>"; };
		AB44015A20317F5000019B54 /* Info.plist */ = {isa = PBXFileReference; lastKnownFileType = text.plist.xml; path = Info.plist; sourceTree = "<group>"; };
		AB44016B2031853A00019B54 /* UIButton+ImageTitle.h */ = {isa = PBXFileReference; fileEncoding = 4; lastKnownFileType = sourcecode.c.h; path = "UIButton+ImageTitle.h"; sourceTree = "<group>"; };
		AB44016C2031853A00019B54 /* UIButton+ImageTitle.m */ = {isa = PBXFileReference; fileEncoding = 4; lastKnownFileType = sourcecode.c.objc; path = "UIButton+ImageTitle.m"; sourceTree = "<group>"; };
/* End PBXFileReference section */

/* Begin PBXFrameworksBuildPhase section */
		AB44012E20317F4F00019B54 /* Frameworks */ = {
			isa = PBXFrameworksBuildPhase;
			buildActionMask = 2147483647;
			files = (
			);
			runOnlyForDeploymentPostprocessing = 0;
		};
		AB44014620317F4F00019B54 /* Frameworks */ = {
			isa = PBXFrameworksBuildPhase;
			buildActionMask = 2147483647;
			files = (
			);
			runOnlyForDeploymentPostprocessing = 0;
		};
		AB44015120317F5000019B54 /* Frameworks */ = {
			isa = PBXFrameworksBuildPhase;
			buildActionMask = 2147483647;
			files = (
			);
			runOnlyForDeploymentPostprocessing = 0;
		};
/* End PBXFrameworksBuildPhase section */

/* Begin PBXGroup section */
		AB44012820317F4F00019B54 = {
			isa = PBXGroup;
			children = (
				AB44016A2031853A00019B54 /* UIButton+ImageTitle */,
				AB44013320317F4F00019B54 /* Demo */,
				AB44014C20317F4F00019B54 /* DemoTests */,
				AB44015720317F5000019B54 /* DemoUITests */,
				AB44013220317F4F00019B54 /* Products */,
			);
			sourceTree = "<group>";
		};
		AB44013220317F4F00019B54 /* Products */ = {
			isa = PBXGroup;
			children = (
				AB44013120317F4F00019B54 /* Demo.app */,
				AB44014920317F4F00019B54 /* DemoTests.xctest */,
				AB44015420317F5000019B54 /* DemoUITests.xctest */,
			);
			name = Products;
			sourceTree = "<group>";
		};
		AB44013320317F4F00019B54 /* Demo */ = {
			isa = PBXGroup;
			children = (
				AB44013420317F4F00019B54 /* AppDelegate.h */,
				AB44013520317F4F00019B54 /* AppDelegate.m */,
				AB44013720317F4F00019B54 /* ViewController.h */,
				AB44013820317F4F00019B54 /* ViewController.m */,
				AB44013A20317F4F00019B54 /* Main.storyboard */,
				AB44013D20317F4F00019B54 /* Assets.xcassets */,
				AB44013F20317F4F00019B54 /* LaunchScreen.storyboard */,
				AB44014220317F4F00019B54 /* Info.plist */,
				AB44014320317F4F00019B54 /* main.m */,
			);
			path = Demo;
			sourceTree = "<group>";
		};
		AB44014C20317F4F00019B54 /* DemoTests */ = {
			isa = PBXGroup;
			children = (
				AB44014D20317F4F00019B54 /* DemoTests.m */,
				AB44014F20317F4F00019B54 /* Info.plist */,
			);
			path = DemoTests;
			sourceTree = "<group>";
		};
		AB44015720317F5000019B54 /* DemoUITests */ = {
			isa = PBXGroup;
			children = (
				AB44015820317F5000019B54 /* DemoUITests.m */,
				AB44015A20317F5000019B54 /* Info.plist */,
			);
			path = DemoUITests;
			sourceTree = "<group>";
		};
		AB44016A2031853A00019B54 /* UIButton+ImageTitle */ = {
			isa = PBXGroup;
			children = (
				AB44016B2031853A00019B54 /* UIButton+ImageTitle.h */,
				AB44016C2031853A00019B54 /* UIButton+ImageTitle.m */,
			);
			name = "UIButton+ImageTitle";
			path = "../UIButton+ImageTitle";
			sourceTree = "<group>";
		};
/* End PBXGroup section */

/* Begin PBXNativeTarget section */
		AB44013020317F4F00019B54 /* Demo */ = {
			isa = PBXNativeTarget;
			buildConfigurationList = AB44015D20317F5000019B54 /* Build configuration list for PBXNativeTarget "Demo" */;
			buildPhases = (
				AB44012D20317F4F00019B54 /* Sources */,
				AB44012E20317F4F00019B54 /* Frameworks */,
				AB44012F20317F4F00019B54 /* Resources */,
			);
			buildRules = (
			);
			dependencies = (
			);
			name = Demo;
			productName = Demo;
			productReference = AB44013120317F4F00019B54 /* Demo.app */;
			productType = "com.apple.product-type.application";
		};
		AB44014820317F4F00019B54 /* DemoTests */ = {
			isa = PBXNativeTarget;
			buildConfigurationList = AB44016020317F5000019B54 /* Build configuration list for PBXNativeTarget "DemoTests" */;
			buildPhases = (
				AB44014520317F4F00019B54 /* Sources */,
				AB44014620317F4F00019B54 /* Frameworks */,
				AB44014720317F4F00019B54 /* Resources */,
			);
			buildRules = (
			);
			dependencies = (
				AB44014B20317F4F00019B54 /* PBXTargetDependency */,
			);
			name = DemoTests;
			productName = DemoTests;
			productReference = AB44014920317F4F00019B54 /* DemoTests.xctest */;
			productType = "com.apple.product-type.bundle.unit-test";
		};
		AB44015320317F5000019B54 /* DemoUITests */ = {
			isa = PBXNativeTarget;
			buildConfigurationList = AB44016320317F5000019B54 /* Build configuration list for PBXNativeTarget "DemoUITests" */;
			buildPhases = (
				AB44015020317F5000019B54 /* Sources */,
				AB44015120317F5000019B54 /* Frameworks */,
				AB44015220317F5000019B54 /* Resources */,
			);
			buildRules = (
			);
			dependencies = (
				AB44015620317F5000019B54 /* PBXTargetDependency */,
			);
			name = DemoUITests;
			productName = DemoUITests;
			productReference = AB44015420317F5000019B54 /* DemoUITests.xctest */;
			productType = "com.apple.product-type.bundle.ui-testing";
		};
/* End PBXNativeTarget section */

/* Begin PBXProject section */
		AB44012920317F4F00019B54 /* Project object */ = {
			isa = PBXProject;
			attributes = {
				LastUpgradeCheck = 0910;
				ORGANIZATIONNAME = lhq;
				TargetAttributes = {
					AB44013020317F4F00019B54 = {
						CreatedOnToolsVersion = 9.1;
						ProvisioningStyle = Automatic;
					};
					AB44014820317F4F00019B54 = {
						CreatedOnToolsVersion = 9.1;
						ProvisioningStyle = Automatic;
						TestTargetID = AB44013020317F4F00019B54;
					};
					AB44015320317F5000019B54 = {
						CreatedOnToolsVersion = 9.1;
						ProvisioningStyle = Automatic;
						TestTargetID = AB44013020317F4F00019B54;
					};
				};
			};
			buildConfigurationList = AB44012C20317F4F00019B54 /* Build configuration list for PBXProject "Demo" */;
			compatibilityVersion = "Xcode 8.0";
			developmentRegion = en;
			hasScannedForEncodings = 0;
			knownRegions = (
				en,
				Base,
			);
			mainGroup = AB44012820317F4F00019B54;
			productRefGroup = AB44013220317F4F00019B54 /* Products */;
			projectDirPath = "";
			projectRoot = "";
			targets = (
				AB44013020317F4F00019B54 /* Demo */,
				AB44014820317F4F00019B54 /* DemoTests */,
				AB44015320317F5000019B54 /* DemoUITests */,
			);
		};
/* End PBXProject section */

/* Begin PBXResourcesBuildPhase section */
		AB44012F20317F4F00019B54 /* Resources */ = {
			isa = PBXResourcesBuildPhase;
			buildActionMask = 2147483647;
			files = (
				AB44014120317F4F00019B54 /* LaunchScreen.storyboard in Resources */,
				AB44013E20317F4F00019B54 /* Assets.xcassets in Resources */,
				AB44013C20317F4F00019B54 /* Main.storyboard in Resources */,
			);
			runOnlyForDeploymentPostprocessing = 0;
		};
		AB44014720317F4F00019B54 /* Resources */ = {
			isa = PBXResourcesBuildPhase;
			buildActionMask = 2147483647;
			files = (
			);
			runOnlyForDeploymentPostprocessing = 0;
		};
		AB44015220317F5000019B54 /* Resources */ = {
			isa = PBXResourcesBuildPhase;
			buildActionMask = 2147483647;
			files = (
			);
			runOnlyForDeploymentPostprocessing = 0;
		};
/* End PBXResourcesBuildPhase section */

/* Begin PBXSourcesBuildPhase section */
		AB44012D20317F4F00019B54 /* Sources */ = {
			isa = PBXSourcesBuildPhase;
			buildActionMask = 2147483647;
			files = (
				AB44013920317F4F00019B54 /* ViewController.m in Sources */,
				AB44014420317F4F00019B54 /* main.m in Sources */,
				AB44016D2031853A00019B54 /* UIButton+ImageTitle.m in Sources */,
				AB44013620317F4F00019B54 /* AppDelegate.m in Sources */,
			);
			runOnlyForDeploymentPostprocessing = 0;
		};
		AB44014520317F4F00019B54 /* Sources */ = {
			isa = PBXSourcesBuildPhase;
			buildActionMask = 2147483647;
			files = (
				AB44014E20317F4F00019B54 /* DemoTests.m in Sources */,
			);
			runOnlyForDeploymentPostprocessing = 0;
		};
		AB44015020317F5000019B54 /* Sources */ = {
			isa = PBXSourcesBuildPhase;
			buildActionMask = 2147483647;
			files = (
				AB44015920317F5000019B54 /* DemoUITests.m in Sources */,
			);
			runOnlyForDeploymentPostprocessing = 0;
		};
/* End PBXSourcesBuildPhase section */

/* Begin PBXTargetDependency section */
		AB44014B20317F4F00019B54 /* PBXTargetDependency */ = {
			isa = PBXTargetDependency;
			target = AB44013020317F4F00019B54 /* Demo */;
			targetProxy = AB44014A20317F4F00019B54 /* PBXContainerItemProxy */;
		};
		AB44015620317F5000019B54 /* PBXTargetDependency */ = {
			isa = PBXTargetDependency;
			target = AB44013020317F4F00019B54 /* Demo */;
			targetProxy = AB44015520317F5000019B54 /* PBXContainerItemProxy */;
		};
/* End PBXTargetDependency section */

/* Begin PBXVariantGroup section */
		AB44013A20317F4F00019B54 /* Main.storyboard */ = {
			isa = PBXVariantGroup;
			children = (
				AB44013B20317F4F00019B54 /* Base */,
			);
			name = Main.storyboard;
			sourceTree = "<group>";
		};
		AB44013F20317F4F00019B54 /* LaunchScreen.storyboard */ = {
			isa = PBXVariantGroup;
			children = (
				AB44014020317F4F00019B54 /* Base */,
			);
			name = LaunchScreen.storyboard;
			sourceTree = "<group>";
		};
/* End PBXVariantGroup section */

/* Begin XCBuildConfiguration section */
		AB44015B20317F5000019B54 /* Debug */ = {
			isa = XCBuildConfiguration;
			buildSettings = {
				ALWAYS_SEARCH_USER_PATHS = NO;
				CLANG_ANALYZER_NONNULL = YES;
				CLANG_ANALYZER_NUMBER_OBJECT_CONVERSION = YES_AGGRESSIVE;
				CLANG_CXX_LANGUAGE_STANDARD = "gnu++14";
				CLANG_CXX_LIBRARY = "libc++";
				CLANG_ENABLE_MODULES = YES;
				CLANG_ENABLE_OBJC_ARC = YES;
				CLANG_WARN_BLOCK_CAPTURE_AUTORELEASING = YES;
				CLANG_WARN_BOOL_CONVERSION = YES;
				CLANG_WARN_COMMA = YES;
				CLANG_WARN_CONSTANT_CONVERSION = YES;
				CLANG_WARN_DIRECT_OBJC_ISA_USAGE = YES_ERROR;
				CLANG_WARN_DOCUMENTATION_COMMENTS = YES;
				CLANG_WARN_EMPTY_BODY = YES;
				CLANG_WARN_ENUM_CONVERSION = YES;
				CLANG_WARN_INFINITE_RECURSION = YES;
				CLANG_WARN_INT_CONVERSION = YES;
				CLANG_WARN_NON_LITERAL_NULL_CONVERSION = YES;
				CLANG_WARN_OBJC_LITERAL_CONVERSION = YES;
				CLANG_WARN_OBJC_ROOT_CLASS = YES_ERROR;
				CLANG_WARN_RANGE_LOOP_ANALYSIS = YES;
				CLANG_WARN_STRICT_PROTOTYPES = YES;
				CLANG_WARN_SUSPICIOUS_MOVE = YES;
				CLANG_WARN_UNGUARDED_AVAILABILITY = YES_AGGRESSIVE;
				CLANG_WARN_UNREACHABLE_CODE = YES;
				CLANG_WARN__DUPLICATE_METHOD_MATCH = YES;
				CODE_SIGN_IDENTITY = "iPhone Developer";
				COPY_PHASE_STRIP = NO;
				DEBUG_INFORMATION_FORMAT = dwarf;
				ENABLE_STRICT_OBJC_MSGSEND = YES;
				ENABLE_TESTABILITY = YES;
				GCC_C_LANGUAGE_STANDARD = gnu11;
				GCC_DYNAMIC_NO_PIC = NO;
				GCC_NO_COMMON_BLOCKS = YES;
				GCC_OPTIMIZATION_LEVEL = 0;
				GCC_PREPROCESSOR_DEFINITIONS = (
					"DEBUG=1",
					"$(inherited)",
				);
				GCC_WARN_64_TO_32_BIT_CONVERSION = YES;
				GCC_WARN_ABOUT_RETURN_TYPE = YES_ERROR;
				GCC_WARN_UNDECLARED_SELECTOR = YES;
				GCC_WARN_UNINITIALIZED_AUTOS = YES_AGGRESSIVE;
				GCC_WARN_UNUSED_FUNCTION = YES;
				GCC_WARN_UNUSED_VARIABLE = YES;
				IPHONEOS_DEPLOYMENT_TARGET = 11.1;
				MTL_ENABLE_DEBUG_INFO = YES;
				ONLY_ACTIVE_ARCH = YES;
				SDKROOT = iphoneos;
			};
			name = Debug;
		};
		AB44015C20317F5000019B54 /* Release */ = {
			isa = XCBuildConfiguration;
			buildSettings = {
				ALWAYS_SEARCH_USER_PATHS = NO;
				CLANG_ANALYZER_NONNULL = YES;
				CLANG_ANALYZER_NUMBER_OBJECT_CONVERSION = YES_AGGRESSIVE;
				CLANG_CXX_LANGUAGE_STANDARD = "gnu++14";
				CLANG_CXX_LIBRARY = "libc++";
				CLANG_ENABLE_MODULES = YES;
				CLANG_ENABLE_OBJC_ARC = YES;
				CLANG_WARN_BLOCK_CAPTURE_AUTORELEASING = YES;
				CLANG_WARN_BOOL_CONVERSION = YES;
				CLANG_WARN_COMMA = YES;
				CLANG_WARN_CONSTANT_CONVERSION = YES;
				CLANG_WARN_DIRECT_OBJC_ISA_USAGE = YES_ERROR;
				CLANG_WARN_DOCUMENTATION_COMMENTS = YES;
				CLANG_WARN_EMPTY_BODY = YES;
				CLANG_WARN_ENUM_CONVERSION = YES;
				CLANG_WARN_INFINITE_RECURSION = YES;
				CLANG_WARN_INT_CONVERSION = YES;
				CLANG_WARN_NON_LITERAL_NULL_CONVERSION = YES;
				CLANG_WARN_OBJC_LITERAL_CONVERSION = YES;
				CLANG_WARN_OBJC_ROOT_CLASS = YES_ERROR;
				CLANG_WARN_RANGE_LOOP_ANALYSIS = YES;
				CLANG_WARN_STRICT_PROTOTYPES = YES;
				CLANG_WARN_SUSPICIOUS_MOVE = YES;
				CLANG_WARN_UNGUARDED_AVAILABILITY = YES_AGGRESSIVE;
				CLANG_WARN_UNREACHABLE_CODE = YES;
				CLANG_WARN__DUPLICATE_METHOD_MATCH = YES;
				CODE_SIGN_IDENTITY = "iPhone Developer";
				COPY_PHASE_STRIP = NO;
				DEBUG_INFORMATION_FORMAT = "dwarf-with-dsym";
				ENABLE_NS_ASSERTIONS = NO;
				ENABLE_STRICT_OBJC_MSGSEND = YES;
				GCC_C_LANGUAGE_STANDARD = gnu11;
				GCC_NO_COMMON_BLOCKS = YES;
				GCC_WARN_64_TO_32_BIT_CONVERSION = YES;
				GCC_WARN_ABOUT_RETURN_TYPE = YES_ERROR;
				GCC_WARN_UNDECLARED_SELECTOR = YES;
				GCC_WARN_UNINITIALIZED_AUTOS = YES_AGGRESSIVE;
				GCC_WARN_UNUSED_FUNCTION = YES;
				GCC_WARN_UNUSED_VARIABLE = YES;
				IPHONEOS_DEPLOYMENT_TARGET = 11.1;
				MTL_ENABLE_DEBUG_INFO = NO;
				SDKROOT = iphoneos;
				VALIDATE_PRODUCT = YES;
			};
			name = Release;
		};
		AB44015E20317F5000019B54 /* Debug */ = {
			isa = XCBuildConfiguration;
			buildSettings = {
				ASSETCATALOG_COMPILER_APPICON_NAME = AppIcon;
				CODE_SIGN_STYLE = Automatic;
				INFOPLIST_FILE = Demo/Info.plist;
				LD_RUNPATH_SEARCH_PATHS = "$(inherited) @executable_path/Frameworks";
				PRODUCT_BUNDLE_IDENTIFIER = com.BT.Demo;
				PRODUCT_NAME = "$(TARGET_NAME)";
				TARGETED_DEVICE_FAMILY = "1,2";
			};
			name = Debug;
		};
		AB44015F20317F5000019B54 /* Release */ = {
			isa = XCBuildConfiguration;
			buildSettings = {
				ASSETCATALOG_COMPILER_APPICON_NAME = AppIcon;
				CODE_SIGN_STYLE = Automatic;
				INFOPLIST_FILE = Demo/Info.plist;
				LD_RUNPATH_SEARCH_PATHS = "$(inherited) @executable_path/Frameworks";
				PRODUCT_BUNDLE_IDENTIFIER = com.BT.Demo;
				PRODUCT_NAME = "$(TARGET_NAME)";
				TARGETED_DEVICE_FAMILY = "1,2";
			};
			name = Release;
		};
		AB44016120317F5000019B54 /* Debug */ = {
			isa = XCBuildConfiguration;
			buildSettings = {
				BUNDLE_LOADER = "$(TEST_HOST)";
				CODE_SIGN_STYLE = Automatic;
				INFOPLIST_FILE = DemoTests/Info.plist;
				LD_RUNPATH_SEARCH_PATHS = "$(inherited) @executable_path/Frameworks @loader_path/Frameworks";
				PRODUCT_BUNDLE_IDENTIFIER = com.BT.DemoTests;
				PRODUCT_NAME = "$(TARGET_NAME)";
				TARGETED_DEVICE_FAMILY = "1,2";
				TEST_HOST = "$(BUILT_PRODUCTS_DIR)/Demo.app/Demo";
			};
			name = Debug;
		};
		AB44016220317F5000019B54 /* Release */ = {
			isa = XCBuildConfiguration;
			buildSettings = {
				BUNDLE_LOADER = "$(TEST_HOST)";
				CODE_SIGN_STYLE = Automatic;
				INFOPLIST_FILE = DemoTests/Info.plist;
				LD_RUNPATH_SEARCH_PATHS = "$(inherited) @executable_path/Frameworks @loader_path/Frameworks";
				PRODUCT_BUNDLE_IDENTIFIER = com.BT.DemoTests;
				PRODUCT_NAME = "$(TARGET_NAME)";
				TARGETED_DEVICE_FAMILY = "1,2";
				TEST_HOST = "$(BUILT_PRODUCTS_DIR)/Demo.app/Demo";
			};
			name = Release;
		};
		AB44016420317F5000019B54 /* Debug */ = {
			isa = XCBuildConfiguration;
			buildSettings = {
				CODE_SIGN_STYLE = Automatic;
				INFOPLIST_FILE = DemoUITests/Info.plist;
				LD_RUNPATH_SEARCH_PATHS = "$(inherited) @executable_path/Frameworks @loader_path/Frameworks";
				PRODUCT_BUNDLE_IDENTIFIER = com.BT.DemoUITests;
				PRODUCT_NAME = "$(TARGET_NAME)";
				TARGETED_DEVICE_FAMILY = "1,2";
				TEST_TARGET_NAME = Demo;
			};
			name = Debug;
		};
		AB44016520317F5000019B54 /* Release */ = {
			isa = XCBuildConfiguration;
			buildSettings = {
				CODE_SIGN_STYLE = Automatic;
				INFOPLIST_FILE = DemoUITests/Info.plist;
				LD_RUNPATH_SEARCH_PATHS = "$(inherited) @executable_path/Frameworks @loader_path/Frameworks";
				PRODUCT_BUNDLE_IDENTIFIER = com.BT.DemoUITests;
				PRODUCT_NAME = "$(TARGET_NAME)";
				TARGETED_DEVICE_FAMILY = "1,2";
				TEST_TARGET_NAME = Demo;
			};
			name = Release;
		};
/* End XCBuildConfiguration section */

/* Begin XCConfigurationList section */
		AB44012C20317F4F00019B54 /* Build configuration list for PBXProject "Demo" */ = {
			isa = XCConfigurationList;
			buildConfigurations = (
				AB44015B20317F5000019B54 /* Debug */,
				AB44015C20317F5000019B54 /* Release */,
			);
			defaultConfigurationIsVisible = 0;
			defaultConfigurationName = Release;
		};
		AB44015D20317F5000019B54 /* Build configuration list for PBXNativeTarget "Demo" */ = {
			isa = XCConfigurationList;
			buildConfigurations = (
				AB44015E20317F5000019B54 /* Debug */,
				AB44015F20317F5000019B54 /* Release */,
			);
			defaultConfigurationIsVisible = 0;
			defaultConfigurationName = Release;
		};
		AB44016020317F5000019B54 /* Build configuration list for PBXNativeTarget "DemoTests" */ = {
			isa = XCConfigurationList;
			buildConfigurations = (
				AB44016120317F5000019B54 /* Debug */,
				AB44016220317F5000019B54 /* Release */,
			);
			defaultConfigurationIsVisible = 0;
			defaultConfigurationName = Release;
		};
		AB44016320317F5000019B54 /* Build configuration list for PBXNativeTarget "DemoUITests" */ = {
			isa = XCConfigurationList;
			buildConfigurations = (
				AB44016420317F5000019B54 /* Debug */,
				AB44016520317F5000019B54 /* Release */,
			);
			defaultConfigurationIsVisible = 0;
			defaultConfigurationName = Release;
		};
/* End XCConfigurationList section */
	};
	rootObject = AB44012920317F4F00019B54 /* Project object */;
}
